
Microsoft Visual Studio Solution File, Format Version 12.00
# Visual Studio 15
VisualStudioVersion = 15.0.28010.2003
MinimumVisualStudioVersion = 10.0.40219.1
Project("{FAE04EC0-301F-11D3-BF4B-00C04F79EFBC}") = "API", "WebAPI\API.csproj", "{1A15A458-206A-481C-884B-18088BEAE042}"
EndProject
Project("{FAE04EC0-301F-11D3-BF4B-00C04F79EFBC}") = "MVC", "WebMVC\MVC.csproj", "{28E31D06-BD19-44B0-B6BE-0E61645DD8BC}"
EndProject
Global
	GlobalSection(SolutionConfigurationPlatforms) = preSolution
		Debug|Any CPU = Debug|Any CPU
		Release|Any CPU = Release|Any CPU
	EndGlobalSection
	GlobalSection(ProjectConfigurationPlatforms) = postSolution
		{1A15A458-206A-481C-884B-18088BEAE042}.Debug|Any CPU.ActiveCfg = Debug|Any CPU
		{1A15A458-206A-481C-884B-18088BEAE042}.Debug|Any CPU.Build.0 = Debug|Any CPU
		{1A15A458-206A-481C-884B-18088BEAE042}.Release|Any CPU.ActiveCfg = Release|Any CPU
		{1A15A458-206A-481C-884B-18088BEAE042}.Release|Any CPU.Build.0 = Release|Any CPU
		{28E31D06-BD19-44B0-B6BE-0E61645DD8BC}.Debug|Any CPU.ActiveCfg = Debug|Any CPU
		{28E31D06-BD19-44B0-B6BE-0E61645DD8BC}.Debug|Any CPU.Build.0 = Debug|Any CPU
		{28E31D06-BD19-44B0-B6BE-0E61645DD8BC}.Release|Any CPU.ActiveCfg = Release|Any CPU
		{28E31D06-BD19-44B0-B6BE-0E61645DD8BC}.Release|Any CPU.Build.0 = Release|Any CPU
	EndGlobalSection
	GlobalSection(SolutionProperties) = preSolution
		HideSolutionNode = FALSE
	EndGlobalSection
	GlobalSection(ExtensibilityGlobals) = postSolution
		SolutionGuid = {4DC9A6FB-B8E7-4C21-8B65-0AF97A7676FD}
	EndGlobalSection
EndGlobal
